
Microsoft Visual Studio Solution File, Format Version 12.00
# Visual Studio 15
VisualStudioVersion = 15.0.28010.2026
MinimumVisualStudioVersion = 10.0.40219.1
Project("{8BC9CEB8-8B4A-11D0-8D11-00A0C91BC942}") = "Project6", "Project6\Project6.vcxproj", "{0009CCF0-A0FC-4683-89C2-6CB91E805679}"
EndProject
Global
	GlobalSection(SolutionConfigurationPlatforms) = preSolution
		Debug|x64 = Debug|x64
		Debug|x86 = Debug|x86
		Release|x64 = Release|x64
		Release|x86 = Release|x86
	EndGlobalSection
	GlobalSection(ProjectConfigurationPlatforms) = postSolution
		{0009CCF0-A0FC-4683-89C2-6CB91E805679}.Debug|x64.ActiveCfg = Debug|x64
		{0009CCF0-A0FC-4683-89C2-6CB91E805679}.Debug|x64.Build.0 = Debug|x64
		{0009CCF0-A0FC-4683-89C2-6CB91E805679}.Debug|x86.ActiveCfg = Debug|Win32
		{0009CCF0-A0FC-4683-89C2-6CB91E805679}.Debug|x86.Build.0 = Debug|Win32
		{0009CCF0-A0FC-4683-89C2-6CB91E805679}.Release|x64.ActiveCfg = Release|x64
		{0009CCF0-A0FC-4683-89C2-6CB91E805679}.Release|x64.Build.0 = Release|x64
		{0009CCF0-A0FC-4683-89C2-6CB91E805679}.Release|x86.ActiveCfg = Release|Win32
		{0009CCF0-A0FC-4683-89C2-6CB91E805679}.Release|x86.Build.0 = Release|Win32
	EndGlobalSection
	GlobalSection(SolutionProperties) = preSolution
		HideSolutionNode = FALSE
	EndGlobalSection
	GlobalSection(ExtensibilityGlobals) = postSolution
		SolutionGuid = {D47E14BE-0B6B-4FA4-A6B1-488EB68F5385}
	EndGlobalSection
EndGlobal
